{
  "name": "bloc-frontend-project-starter",
  "version": "0.0.4",
  "lockfileVersion": 1,
  "requires": true,
  "dependencies": {
    "accept": {
      "version": "https://registry.npmjs.org/accept/-/accept-2.1.4.tgz",
      "integrity": "sha1-iHr1TO7lx/RDBGGXHsQAxh0JrLs=",
      "requires": {
        "boom": "https://registry.npmjs.org/boom/-/boom-5.2.0.tgz",
        "hoek": "https://registry.npmjs.org/hoek/-/hoek-4.2.0.tgz"
      }
    },
    "ammo": {
      "version": "https://registry.npmjs.org/ammo/-/ammo-2.0.4.tgz",
      "integrity": "sha1-v4CqshFpjqePY+9efxE91dnokX8=",
      "requires": {
        "boom": "https://registry.npmjs.org/boom/-/boom-5.2.0.tgz",
        "hoek": "https://registry.npmjs.org/hoek/-/hoek-4.2.0.tgz"
      }
    },
    "angular-cookies": {
      "version": "1.6.4",
      "resolved": "https://registry.npmjs.org/angular-cookies/-/angular-cookies-1.6.4.tgz",
      "integrity": "sha1-wo8/aqx6mCbB5F8daAckADblsm0="
    },
    "b64": {
      "version": "https://registry.npmjs.org/b64/-/b64-3.0.3.tgz",
      "integrity": "sha1-Nq/u4Nk0XwRjh85t6KZwKv5btW4="
    },
    "boom": {
      "version": "https://registry.npmjs.org/boom/-/boom-5.2.0.tgz",
      "integrity": "sha1-XdnabuOl8wIHdDYpDLcX0/SlTgI=",
      "requires": {
        "hoek": "https://registry.npmjs.org/hoek/-/hoek-4.2.0.tgz"
      }
    },
    "call": {
      "version": "https://registry.npmjs.org/call/-/call-4.0.2.tgz",
      "integrity": "sha1-33b19R7o3Ui4VqyEAPfmnm1zmcQ=",
      "requires": {
        "boom": "https://registry.npmjs.org/boom/-/boom-5.2.0.tgz",
        "hoek": "https://registry.npmjs.org/hoek/-/hoek-4.2.0.tgz"
      }
    },
    "catbox": {
      "version": "https://registry.npmjs.org/catbox/-/catbox-7.1.5.tgz",
      "integrity": "sha1-xW9+jpVV0nwNwDipbvc+V9GGux8=",
      "requires": {
        "boom": "https://registry.npmjs.org/boom/-/boom-5.2.0.tgz",
        "hoek": "https://registry.npmjs.org/hoek/-/hoek-4.2.0.tgz",
        "joi": "https://registry.npmjs.org/joi/-/joi-10.6.0.tgz"
      }
    },
    "catbox-memory": {
      "version": "https://registry.npmjs.org/catbox-memory/-/catbox-memory-2.0.4.tgz",
      "integrity": "sha1-Qz4lWQLK9UIz0ShkKcj03xToItU=",
      "requires": {
        "hoek": "https://registry.npmjs.org/hoek/-/hoek-4.2.0.tgz"
      }
    },
    "connect-modrewrite": {
      "version": "https://registry.npmjs.org/connect-modrewrite/-/connect-modrewrite-0.7.12.tgz",
      "integrity": "sha1-QgHRXPYmFEHGM6XN3WQ9iBU3v7I=",
      "dev": true,
      "requires": {
        "qs": "https://registry.npmjs.org/qs/-/qs-1.2.2.tgz"
      }
    },
    "content": {
      "version": "https://registry.npmjs.org/content/-/content-3.0.5.tgz",
      "integrity": "sha1-nhR9x8g4xN6UgwloRd203kVexQk=",
      "requires": {
        "boom": "https://registry.npmjs.org/boom/-/boom-5.2.0.tgz"
      }
    },
    "cryptiles": {
      "version": "https://registry.npmjs.org/cryptiles/-/cryptiles-3.1.2.tgz",
      "integrity": "sha1-qJ+7Ig9c4l7FboxKqKT9e1sNKf4=",
      "requires": {
        "boom": "https://registry.npmjs.org/boom/-/boom-5.2.0.tgz"
      }
    },
    "es5-shim": {
      "version": "https://registry.npmjs.org/es5-shim/-/es5-shim-4.5.9.tgz",
      "integrity": "sha1-Kh4rnlg/9f7Qwgo+4svz91IwpcA=",
      "dev": true
    },
    "hapi": {
      "version": "https://registry.npmjs.org/hapi/-/hapi-16.4.3.tgz",
      "integrity": "sha1-vk2q8tzb7peVfOUDBhsJdlB4qgU=",
      "requires": {
        "accept": "https://registry.npmjs.org/accept/-/accept-2.1.4.tgz",
        "ammo": "https://registry.npmjs.org/ammo/-/ammo-2.0.4.tgz",
        "boom": "https://registry.npmjs.org/boom/-/boom-5.2.0.tgz",
        "call": "https://registry.npmjs.org/call/-/call-4.0.2.tgz",
        "catbox": "https://registry.npmjs.org/catbox/-/catbox-7.1.5.tgz",
        "catbox-memory": "https://registry.npmjs.org/catbox-memory/-/catbox-memory-2.0.4.tgz",
        "cryptiles": "https://registry.npmjs.org/cryptiles/-/cryptiles-3.1.2.tgz",
        "heavy": "https://registry.npmjs.org/heavy/-/heavy-4.0.4.tgz",
        "hoek": "https://registry.npmjs.org/hoek/-/hoek-4.2.0.tgz",
        "iron": "https://registry.npmjs.org/iron/-/iron-4.0.5.tgz",
        "items": "https://registry.npmjs.org/items/-/items-2.1.1.tgz",
        "joi": "https://registry.npmjs.org/joi/-/joi-10.6.0.tgz",
        "mimos": "https://registry.npmjs.org/mimos/-/mimos-3.0.3.tgz",
        "podium": "https://registry.npmjs.org/podium/-/podium-1.3.0.tgz",
        "shot": "https://registry.npmjs.org/shot/-/shot-3.4.2.tgz",
        "statehood": "https://registry.npmjs.org/statehood/-/statehood-5.0.3.tgz",
        "subtext": "https://registry.npmjs.org/subtext/-/subtext-4.4.1.tgz",
        "topo": "https://registry.npmjs.org/topo/-/topo-2.0.2.tgz"
      }
    },
    "heavy": {
      "version": "https://registry.npmjs.org/heavy/-/heavy-4.0.4.tgz",
      "integrity": "sha1-NskTNsAMz+hSyqTRUwhjNc0vAOk=",
      "requires": {
        "boom": "https://registry.npmjs.org/boom/-/boom-5.2.0.tgz",
        "hoek": "https://registry.npmjs.org/hoek/-/hoek-4.2.0.tgz",
        "joi": "https://registry.npmjs.org/joi/-/joi-10.6.0.tgz"
      }
    },
    "hoek": {
      "version": "https://registry.npmjs.org/hoek/-/hoek-4.2.0.tgz",
      "integrity": "sha1-ctnQdU9/4lyi0BrY+PmpRJqJUm0="
    },
    "inert": {
      "version": "https://registry.npmjs.org/inert/-/inert-4.2.1.tgz",
      "integrity": "sha1-2nQ8R4oYqDeAMvgK2hKKKM0rupM=",
      "requires": {
        "ammo": "https://registry.npmjs.org/ammo/-/ammo-2.0.4.tgz",
        "boom": "https://registry.npmjs.org/boom/-/boom-5.2.0.tgz",
        "hoek": "https://registry.npmjs.org/hoek/-/hoek-4.2.0.tgz",
        "items": "https://registry.npmjs.org/items/-/items-2.1.1.tgz",
        "joi": "https://registry.npmjs.org/joi/-/joi-10.6.0.tgz",
        "lru-cache": "https://registry.npmjs.org/lru-cache/-/lru-cache-4.1.1.tgz"
      }
    },
    "iron": {
      "version": "https://registry.npmjs.org/iron/-/iron-4.0.5.tgz",
      "integrity": "sha1-TwQszri5c480a1mqc0yDqJvDFCg=",
      "requires": {
        "boom": "https://registry.npmjs.org/boom/-/boom-5.2.0.tgz",
        "cryptiles": "https://registry.npmjs.org/cryptiles/-/cryptiles-3.1.2.tgz",
        "hoek": "https://registry.npmjs.org/hoek/-/hoek-4.2.0.tgz"
      }
    },
    "isemail": {
      "version": "https://registry.npmjs.org/isemail/-/isemail-2.2.1.tgz",
      "integrity": "sha1-A1PT2aYpUQgMJiwqoKQrjqjp4qY="
    },
    "items": {
      "version": "https://registry.npmjs.org/items/-/items-2.1.1.tgz",
      "integrity": "sha1-i9FtnIOxlSneWuoyGsqtp4NkoZg="
    },
    "joi": {
      "version": "https://registry.npmjs.org/joi/-/joi-10.6.0.tgz",
      "integrity": "sha1-Ulh/AtUri3XNsMdPCxZKGRoOH8I=",
      "requires": {
        "hoek": "https://registry.npmjs.org/hoek/-/hoek-4.2.0.tgz",
        "isemail": "https://registry.npmjs.org/isemail/-/isemail-2.2.1.tgz",
        "items": "https://registry.npmjs.org/items/-/items-2.1.1.tgz",
        "topo": "https://registry.npmjs.org/topo/-/topo-2.0.2.tgz"
      }
    },
    "lru-cache": {
      "version": "https://registry.npmjs.org/lru-cache/-/lru-cache-4.1.1.tgz",
      "integrity": "sha1-Yi4y6CSItJJ5EUpPns9F581rulU=",
      "requires": {
        "pseudomap": "https://registry.npmjs.org/pseudomap/-/pseudomap-1.0.2.tgz",
        "yallist": "https://registry.npmjs.org/yallist/-/yallist-2.1.2.tgz"
      }
    },
    "mime-db": {
      "version": "https://registry.npmjs.org/mime-db/-/mime-db-1.29.0.tgz",
      "integrity": "sha1-SNJtI1WJZRcErFkWygYAGRQmaHg="
    },
    "mimos": {
      "version": "https://registry.npmjs.org/mimos/-/mimos-3.0.3.tgz",
      "integrity": "sha1-uRCQcq03jCty9qAQHEPd+ys2ZB8=",
      "requires": {
        "hoek": "https://registry.npmjs.org/hoek/-/hoek-4.2.0.tgz",
        "mime-db": "https://registry.npmjs.org/mime-db/-/mime-db-1.29.0.tgz"
      }
    },
    "nigel": {
      "version": "https://registry.npmjs.org/nigel/-/nigel-2.0.2.tgz",
      "integrity": "sha1-k6GGb7DFLYc5CqdeKxYfS1x15bE=",
      "requires": {
        "hoek": "https://registry.npmjs.org/hoek/-/hoek-4.2.0.tgz",
        "vise": "https://registry.npmjs.org/vise/-/vise-2.0.2.tgz"
      }
    },
    "path": {
      "version": "https://registry.npmjs.org/path/-/path-0.4.10.tgz",
      "integrity": "sha1-Iv7ye3zW6vMPsT/AJ4AelW5RjvE="
    },
    "pez": {
      "version": "https://registry.npmjs.org/pez/-/pez-2.1.5.tgz",
      "integrity": "sha1-XsLMYlAMw+tCNtSkFM9aF7XrUAc=",
      "requires": {
        "b64": "https://registry.npmjs.org/b64/-/b64-3.0.3.tgz",
        "boom": "https://registry.npmjs.org/boom/-/boom-5.2.0.tgz",
        "content": "https://registry.npmjs.org/content/-/content-3.0.5.tgz",
        "hoek": "https://registry.npmjs.org/hoek/-/hoek-4.2.0.tgz",
        "nigel": "https://registry.npmjs.org/nigel/-/nigel-2.0.2.tgz"
      }
    },
    "podium": {
      "version": "https://registry.npmjs.org/podium/-/podium-1.3.0.tgz",
      "integrity": "sha1-PEkPVNFvEPUmDL6YZB8ctzOohRw=",
      "requires": {
        "hoek": "https://registry.npmjs.org/hoek/-/hoek-4.2.0.tgz",
        "items": "https://registry.npmjs.org/items/-/items-2.1.1.tgz",
        "joi": "https://registry.npmjs.org/joi/-/joi-10.6.0.tgz"
      }
    },
    "pseudomap": {
      "version": "https://registry.npmjs.org/pseudomap/-/pseudomap-1.0.2.tgz",
      "integrity": "sha1-8FKijacOYYkX7wqKw0wa5aaChrM="
    },
    "qs": {
      "version": "https://registry.npmjs.org/qs/-/qs-1.2.2.tgz",
      "integrity": "sha1-GbV/8k3CqZzh+L32r82ln472H4g=",
      "dev": true
    },
    "shot": {
      "version": "https://registry.npmjs.org/shot/-/shot-3.4.2.tgz",
      "integrity": "sha1-Hlw/bysmZJrcQvfrNQIUpaApHWc=",
      "requires": {
        "hoek": "https://registry.npmjs.org/hoek/-/hoek-4.2.0.tgz",
        "joi": "https://registry.npmjs.org/joi/-/joi-10.6.0.tgz"
      }
    },
    "statehood": {
      "version": "https://registry.npmjs.org/statehood/-/statehood-5.0.3.tgz",
      "integrity": "sha1-wHp1Yg21N5tg0u3Uf1OAAqisfdY=",
      "requires": {
        "boom": "https://registry.npmjs.org/boom/-/boom-5.2.0.tgz",
        "cryptiles": "https://registry.npmjs.org/cryptiles/-/cryptiles-3.1.2.tgz",
        "hoek": "https://registry.npmjs.org/hoek/-/hoek-4.2.0.tgz",
        "iron": "https://registry.npmjs.org/iron/-/iron-4.0.5.tgz",
        "items": "https://registry.npmjs.org/items/-/items-2.1.1.tgz",
        "joi": "https://registry.npmjs.org/joi/-/joi-10.6.0.tgz"
      }
    },
    "subtext": {
      "version": "https://registry.npmjs.org/subtext/-/subtext-4.4.1.tgz",
      "integrity": "sha1-L87JRd5CkoPD0YsVH/D6HxuHrsk=",
      "requires": {
        "boom": "https://registry.npmjs.org/boom/-/boom-5.2.0.tgz",
        "content": "https://registry.npmjs.org/content/-/content-3.0.5.tgz",
        "hoek": "https://registry.npmjs.org/hoek/-/hoek-4.2.0.tgz",
        "pez": "https://registry.npmjs.org/pez/-/pez-2.1.5.tgz",
        "wreck": "https://registry.npmjs.org/wreck/-/wreck-12.2.3.tgz"
      }
    },
    "topo": {
      "version": "https://registry.npmjs.org/topo/-/topo-2.0.2.tgz",
      "integrity": "sha1-zVYVdSU5BXwNwEkaYhw7xvvh0YI=",
      "requires": {
        "hoek": "https://registry.npmjs.org/hoek/-/hoek-4.2.0.tgz"
      }
    },
    "vise": {
      "version": "https://registry.npmjs.org/vise/-/vise-2.0.2.tgz",
      "integrity": "sha1-awjo+0y3bjpQzW3Q7DczjoEaDTk=",
      "requires": {
        "hoek": "https://registry.npmjs.org/hoek/-/hoek-4.2.0.tgz"
      }
    },
    "wreck": {
      "version": "https://registry.npmjs.org/wreck/-/wreck-12.2.3.tgz",
      "integrity": "sha1-PLLqiA6lHFmCoj+oGCxTlwubOv4=",
      "requires": {
        "boom": "https://registry.npmjs.org/boom/-/boom-5.2.0.tgz",
        "hoek": "https://registry.npmjs.org/hoek/-/hoek-4.2.0.tgz"
      }
    },
    "yallist": {
      "version": "https://registry.npmjs.org/yallist/-/yallist-2.1.2.tgz",
      "integrity": "sha1-HBH5IY8HYImkfdUS+TxmmaaoHVI="
    }
  }
}
